{
  "name": "unreal-m-ai",
  "version": "0.0.2",
  "lockfileVersion": 2,
  "requires": true,
  "packages": {
    "": {
      "name": "unreal-m-ai",
      "version": "0.0.2",
      "hasInstallScript": true,
      "license": "MIT",
      "dependencies": {
        "unreal-m-graph": "github:shadowmint/unreal-m-graph"
      }
    },
    "node_modules/unreal-m-graph": {
      "version": "0.0.1",
      "resolved": "git+ssh://git@github.com/shadowmint/unreal-m-graph.git#4e563b153bb5c28df11e96703afb0671e9776068",
      "hasInstallScript": true,
      "license": "MIT"
    }
  },
  "dependencies": {
    "unreal-m-graph": {
      "version": "git+ssh://git@github.com/shadowmint/unreal-m-graph.git#4e563b153bb5c28df11e96703afb0671e9776068",
      "from": "unreal-m-graph@shadowmint/unreal-m-graph"
    }
  }
}
